
Microsoft Visual Studio Solution File, Format Version 12.00
# Visual Studio Version 16
VisualStudioVersion = 25.0.1705.3
MinimumVisualStudioVersion = 10.0.40219.1
Project("{FAE04EC0-301F-11D3-BF4B-00C04F79EFBC}") = "Myauth", "Myauth\Myauth.csproj", "{51710F0F-CF7B-4214-B24A-211F1FB5B06A}"
EndProject
Global
	GlobalSection(SolutionConfigurationPlatforms) = preSolution
		Debug|Any CPU = Debug|Any CPU
		Release|Any CPU = Release|Any CPU
	EndGlobalSection
	GlobalSection(ProjectConfigurationPlatforms) = postSolution
		{51710F0F-CF7B-4214-B24A-211F1FB5B06A}.Debug|Any CPU.ActiveCfg = Debug|Any CPU
		{51710F0F-CF7B-4214-B24A-211F1FB5B06A}.Debug|Any CPU.Build.0 = Debug|Any CPU
		{51710F0F-CF7B-4214-B24A-211F1FB5B06A}.Release|Any CPU.ActiveCfg = Release|Any CPU
		{51710F0F-CF7B-4214-B24A-211F1FB5B06A}.Release|Any CPU.Build.0 = Release|Any CPU
	EndGlobalSection
	GlobalSection(SolutionProperties) = preSolution
		HideSolutionNode = FALSE
	EndGlobalSection
	GlobalSection(ExtensibilityGlobals) = postSolution
		SolutionGuid = {BE3FB4FC-1E74-41A1-96B1-FB7D99E61A00}
	EndGlobalSection
EndGlobal
